
Microsoft Visual Studio Solution File, Format Version 12.00
# Visual Studio Version 17
VisualStudioVersion = 17.8.34309.116
MinimumVisualStudioVersion = 10.0.40219.1
Project("{FAE04EC0-301F-11D3-BF4B-00C04F79EFBC}") = "SortedNumbers", "SortedNumbers\SortedNumbers.csproj", "{80B25387-7A29-4CBA-A8E1-90F7FF239AA6}"
EndProject
Global
	GlobalSection(SolutionConfigurationPlatforms) = preSolution
		Debug|Any CPU = Debug|Any CPU
		Release|Any CPU = Release|Any CPU
	EndGlobalSection
	GlobalSection(ProjectConfigurationPlatforms) = postSolution
		{80B25387-7A29-4CBA-A8E1-90F7FF239AA6}.Debug|Any CPU.ActiveCfg = Debug|Any CPU
		{80B25387-7A29-4CBA-A8E1-90F7FF239AA6}.Debug|Any CPU.Build.0 = Debug|Any CPU
		{80B25387-7A29-4CBA-A8E1-90F7FF239AA6}.Release|Any CPU.ActiveCfg = Release|Any CPU
		{80B25387-7A29-4CBA-A8E1-90F7FF239AA6}.Release|Any CPU.Build.0 = Release|Any CPU
	EndGlobalSection
	GlobalSection(SolutionProperties) = preSolution
		HideSolutionNode = FALSE
	EndGlobalSection
	GlobalSection(ExtensibilityGlobals) = postSolution
		SolutionGuid = {CD227072-84BC-4B5B-AF4B-DD8777782A0B}
	EndGlobalSection
EndGlobal
